{
  "lockfileVersion": 1,
  "dependencies": {
    "highlight.js": {
      "version": "9.12.0",
      "resolved": "https://registry.npmjs.org/highlight.js/-/highlight.js-9.12.0.tgz",
      "integrity": "sha1-5tnb5Xy+/mB1HwKvM2GVhwyQwB4="
    },
    "highlight.js-async-webpack": {
      "version": "1.0.4",
      "resolved": "https://registry.npmjs.org/highlight.js-async-webpack/-/highlight.js-async-webpack-1.0.4.tgz",
      "integrity": "sha1-wGtnv5nwSQRdYrdW5YVbCRLsYWw="
    },
    "mavon-editor": {
      "version": "2.6.15",
      "resolved": "https://registry.npmjs.org/mavon-editor/-/mavon-editor-2.6.15.tgz",
      "integrity": "sha512-5OnCPFWNHIou3Dg49/KY97SJ5IkTV8Wjgvxhq83Oe98Mdrw+D9LRK4LJJ93s0hH3SoHKL5VpWGEWVOky+lsCwg=="
    }
  }
}
